
Microsoft Visual Studio Solution File, Format Version 12.00
# Visual Studio Version 17
VisualStudioVersion = 17.3.32929.385
MinimumVisualStudioVersion = 10.0.40219.1
Project("{FAE04EC0-301F-11D3-BF4B-00C04F79EFBC}") = "Art_Gallery_Proj", "Art_Gallery_Proj.csproj", "{3375DA5C-0DE4-4752-8EE6-14F8E2684A77}"
EndProject
Global
	GlobalSection(SolutionConfigurationPlatforms) = preSolution
		Debug|Any CPU = Debug|Any CPU
		Release|Any CPU = Release|Any CPU
	EndGlobalSection
	GlobalSection(ProjectConfigurationPlatforms) = postSolution
		{3375DA5C-0DE4-4752-8EE6-14F8E2684A77}.Debug|Any CPU.ActiveCfg = Debug|Any CPU
		{3375DA5C-0DE4-4752-8EE6-14F8E2684A77}.Debug|Any CPU.Build.0 = Debug|Any CPU
		{3375DA5C-0DE4-4752-8EE6-14F8E2684A77}.Release|Any CPU.ActiveCfg = Release|Any CPU
		{3375DA5C-0DE4-4752-8EE6-14F8E2684A77}.Release|Any CPU.Build.0 = Release|Any CPU
	EndGlobalSection
	GlobalSection(SolutionProperties) = preSolution
		HideSolutionNode = FALSE
	EndGlobalSection
	GlobalSection(ExtensibilityGlobals) = postSolution
		SolutionGuid = {767A9A5F-6334-461A-8DF8-1C636CD1EED0}
	EndGlobalSection
EndGlobal
